
Microsoft Visual Studio Solution File, Format Version 12.00
# Visual Studio Version 16
VisualStudioVersion = 16.0.30011.22
MinimumVisualStudioVersion = 10.0.40219.1
Project("{FAE04EC0-301F-11D3-BF4B-00C04F79EFBC}") = "Corretora", "Corretora\Corretora.csproj", "{BF5D5D5C-8C6E-4885-AAF1-D84E2008C1CE}"
EndProject
Global
	GlobalSection(SolutionConfigurationPlatforms) = preSolution
		Debug|Any CPU = Debug|Any CPU
		Release|Any CPU = Release|Any CPU
	EndGlobalSection
	GlobalSection(ProjectConfigurationPlatforms) = postSolution
		{BF5D5D5C-8C6E-4885-AAF1-D84E2008C1CE}.Debug|Any CPU.ActiveCfg = Debug|Any CPU
		{BF5D5D5C-8C6E-4885-AAF1-D84E2008C1CE}.Debug|Any CPU.Build.0 = Debug|Any CPU
		{BF5D5D5C-8C6E-4885-AAF1-D84E2008C1CE}.Release|Any CPU.ActiveCfg = Release|Any CPU
		{BF5D5D5C-8C6E-4885-AAF1-D84E2008C1CE}.Release|Any CPU.Build.0 = Release|Any CPU
	EndGlobalSection
	GlobalSection(SolutionProperties) = preSolution
		HideSolutionNode = FALSE
	EndGlobalSection
	GlobalSection(ExtensibilityGlobals) = postSolution
		SolutionGuid = {44215612-2B79-45A8-8937-24BD8E43BE3D}
	EndGlobalSection
EndGlobal
